{
  "requires": true,
  "lockfileVersion": 1,
  "dependencies": {
    "eve": {
      "version": "0.4.2",
      "resolved": "https://registry.npmjs.org/eve/-/eve-0.4.2.tgz",
      "integrity": "sha1-fuoK/A5O+3yTZWFTFaNXaDPq0q4="
    },
    "eve-raphael": {
      "version": "0.5.0",
      "resolved": "https://registry.npmjs.org/eve-raphael/-/eve-raphael-0.5.0.tgz",
      "integrity": "sha1-F8dUt5K+7z+maE15z1pHxjxM2jA="
    },
    "graphdracula": {
      "version": "1.2.1",
      "resolved": "https://registry.npmjs.org/graphdracula/-/graphdracula-1.2.1.tgz",
      "integrity": "sha512-zMeVI+jqo89ra34Sx+OWviKC9TX+LSCKIWHQtDlq/NQRVnVUSzY8CSByEhbwQMYOE67KDN0T953phgj7Tpy7uQ==",
      "requires": {
        "lodash": "^4.14.1",
        "snapsvg": "^0.4.0",
        "uuid": "^3.0.1"
      }
    },
    "lodash": {
      "version": "4.17.11",
      "resolved": "https://registry.npmjs.org/lodash/-/lodash-4.17.11.tgz",
      "integrity": "sha512-cQKh8igo5QUhZ7lg38DYWAxMvjSAKG0A8wGSVimP07SIUEK2UO+arSRKbRZWtelMtN5V0Hkwh5ryOto/SshYIg=="
    },
    "raphael": {
      "version": "2.2.8",
      "resolved": "https://registry.npmjs.org/raphael/-/raphael-2.2.8.tgz",
      "integrity": "sha512-0kWKcGn4lXTw4eUiOhjspYiG+v0m6zSmTmlO62E0hl2CYKUvCuHER9YKqXYvOn2nj24mYp8jzHOLeBuj/Gn28Q==",
      "requires": {
        "eve-raphael": "0.5.0"
      }
    },
    "snapsvg": {
      "version": "0.4.0",
      "resolved": "https://registry.npmjs.org/snapsvg/-/snapsvg-0.4.0.tgz",
      "integrity": "sha1-4HZwFBZ4JZV95+ElwpsPqJeW6gM=",
      "requires": {
        "eve": "~0.4.2"
      }
    },
    "uuid": {
      "version": "3.3.2",
      "resolved": "https://registry.npmjs.org/uuid/-/uuid-3.3.2.tgz",
      "integrity": "sha512-yXJmeNaw3DnnKAOKJE51sL/ZaYfWJRl1pK9dr19YFCu0ObS231AB1/LbqTKRAQ5kw8A90rA6fr4riOUpTZvQZA=="
    }
  }
}
